
Microsoft Visual Studio Solution File, Format Version 12.00
# Visual Studio Version 16
VisualStudioVersion = 16.0.31129.286
MinimumVisualStudioVersion = 10.0.40219.1
Project("{8BC9CEB8-8B4A-11D0-8D11-00A0C91BC942}") = "Project1", "Project1.vcxproj", "{AA98C6E9-9491-439A-ACB6-93D00BB68DBE}"
EndProject
Global
	GlobalSection(SolutionConfigurationPlatforms) = preSolution
		Debug|x64 = Debug|x64
		Debug|x86 = Debug|x86
		Release|x64 = Release|x64
		Release|x86 = Release|x86
	EndGlobalSection
	GlobalSection(ProjectConfigurationPlatforms) = postSolution
		{AA98C6E9-9491-439A-ACB6-93D00BB68DBE}.Debug|x64.ActiveCfg = Debug|x64
		{AA98C6E9-9491-439A-ACB6-93D00BB68DBE}.Debug|x64.Build.0 = Debug|x64
		{AA98C6E9-9491-439A-ACB6-93D00BB68DBE}.Debug|x86.ActiveCfg = Debug|Win32
		{AA98C6E9-9491-439A-ACB6-93D00BB68DBE}.Debug|x86.Build.0 = Debug|Win32
		{AA98C6E9-9491-439A-ACB6-93D00BB68DBE}.Release|x64.ActiveCfg = Release|x64
		{AA98C6E9-9491-439A-ACB6-93D00BB68DBE}.Release|x64.Build.0 = Release|x64
		{AA98C6E9-9491-439A-ACB6-93D00BB68DBE}.Release|x86.ActiveCfg = Release|Win32
		{AA98C6E9-9491-439A-ACB6-93D00BB68DBE}.Release|x86.Build.0 = Release|Win32
	EndGlobalSection
	GlobalSection(SolutionProperties) = preSolution
		HideSolutionNode = FALSE
	EndGlobalSection
	GlobalSection(ExtensibilityGlobals) = postSolution
		SolutionGuid = {25C69F70-E60F-4CDE-9B58-17079C1E5A10}
	EndGlobalSection
EndGlobal
